# This file was autogenerated by Stack.
# You should not edit this file by hand.
# For more information, please see the documentation at:
#   https://docs.haskellstack.org/en/stable/lock_files

packages:
- completed:
    hackage: flatparse-0.3.2.0@sha256:fcc5fa608c4c895b3e198cd3d4e36c3ff7e54ff727f172f3db97b259781d03f7,3816
    pantry-tree:
      size: 979
      sha256: a2c7dfc1cfa818269cff60c71de4bcf6392444e05c9bfa68879a2bb960f4361d
  original:
    hackage: flatparse-0.3.2.0
snapshots:
- completed:
    size: 590102
    url: https://raw.githubusercontent.com/commercialhaskell/stackage-snapshots/master/lts/18/27.yaml
    sha256: 79a786674930a89301b0e908fad2822a48882f3d01486117693c377b8edffdbe
  original: lts-18.27
